
Microsoft Visual Studio Solution File, Format Version 12.00
# Visual Studio Version 16
VisualStudioVersion = 16.0.30621.155
MinimumVisualStudioVersion = 10.0.40219.1
Project("{FAE04EC0-301F-11D3-BF4B-00C04F79EFBC}") = "Flappy-Bird", "Flappy-Bird.csproj", "{2585EE10-860E-4482-8137-7697C6D74896}"
EndProject
Global
	GlobalSection(SolutionConfigurationPlatforms) = preSolution
		Debug|Any CPU = Debug|Any CPU
		Release|Any CPU = Release|Any CPU
	EndGlobalSection
	GlobalSection(ProjectConfigurationPlatforms) = postSolution
		{2585EE10-860E-4482-8137-7697C6D74896}.Debug|Any CPU.ActiveCfg = Debug|Any CPU
		{2585EE10-860E-4482-8137-7697C6D74896}.Debug|Any CPU.Build.0 = Debug|Any CPU
		{2585EE10-860E-4482-8137-7697C6D74896}.Release|Any CPU.ActiveCfg = Release|Any CPU
		{2585EE10-860E-4482-8137-7697C6D74896}.Release|Any CPU.Build.0 = Release|Any CPU
	EndGlobalSection
	GlobalSection(SolutionProperties) = preSolution
		HideSolutionNode = FALSE
	EndGlobalSection
	GlobalSection(ExtensibilityGlobals) = postSolution
		SolutionGuid = {B63ADB4A-B77A-4BB9-BD28-749891B000BD}
	EndGlobalSection
EndGlobal
